
Microsoft Visual Studio Solution File, Format Version 12.00
# Visual Studio Version 16
VisualStudioVersion = 16.0.29009.5
MinimumVisualStudioVersion = 10.0.40219.1
Project("{FAE04EC0-301F-11D3-BF4B-00C04F79EFBC}") = "Heelz", "Heelz.csproj", "{95B23A3F-13E0-4D09-841E-BC16CE1DC897}"
EndProject
Global
	GlobalSection(SolutionConfigurationPlatforms) = preSolution
		Debug|Any CPU = Debug|Any CPU
		Release|Any CPU = Release|Any CPU
	EndGlobalSection
	GlobalSection(ProjectConfigurationPlatforms) = postSolution
		{95B23A3F-13E0-4D09-841E-BC16CE1DC897}.Debug|Any CPU.ActiveCfg = Debug|Any CPU
		{95B23A3F-13E0-4D09-841E-BC16CE1DC897}.Debug|Any CPU.Build.0 = Debug|Any CPU
		{95B23A3F-13E0-4D09-841E-BC16CE1DC897}.Release|Any CPU.ActiveCfg = Release|Any CPU
		{95B23A3F-13E0-4D09-841E-BC16CE1DC897}.Release|Any CPU.Build.0 = Release|Any CPU
	EndGlobalSection
	GlobalSection(SolutionProperties) = preSolution
		HideSolutionNode = FALSE
	EndGlobalSection
	GlobalSection(ExtensibilityGlobals) = postSolution
		SolutionGuid = {2C19DB3D-5656-48D8-8BE8-F3FEC1CBC707}
	EndGlobalSection
EndGlobal
